
Microsoft Visual Studio Solution File, Format Version 12.00
# Visual Studio Version 17
VisualStudioVersion = 17.7.34031.279
MinimumVisualStudioVersion = 10.0.40219.1
Project("{FAE04EC0-301F-11D3-BF4B-00C04F79EFBC}") = "Algorytm Euklidesa", "Algorytm Euklidesa\Algorytm Euklidesa.csproj", "{44B1C750-2BF5-49F7-8D22-1340AC66008D}"
EndProject
Global
	GlobalSection(SolutionConfigurationPlatforms) = preSolution
		Debug|Any CPU = Debug|Any CPU
		Release|Any CPU = Release|Any CPU
	EndGlobalSection
	GlobalSection(ProjectConfigurationPlatforms) = postSolution
		{44B1C750-2BF5-49F7-8D22-1340AC66008D}.Debug|Any CPU.ActiveCfg = Debug|Any CPU
		{44B1C750-2BF5-49F7-8D22-1340AC66008D}.Debug|Any CPU.Build.0 = Debug|Any CPU
		{44B1C750-2BF5-49F7-8D22-1340AC66008D}.Release|Any CPU.ActiveCfg = Release|Any CPU
		{44B1C750-2BF5-49F7-8D22-1340AC66008D}.Release|Any CPU.Build.0 = Release|Any CPU
	EndGlobalSection
	GlobalSection(SolutionProperties) = preSolution
		HideSolutionNode = FALSE
	EndGlobalSection
	GlobalSection(ExtensibilityGlobals) = postSolution
		SolutionGuid = {5DA2C598-0ACA-431F-AC6B-4386D524A3A9}
	EndGlobalSection
EndGlobal
