
Microsoft Visual Studio Solution File, Format Version 12.00
# Visual Studio Version 17
VisualStudioVersion = 17.7.34031.279
MinimumVisualStudioVersion = 10.0.40219.1
Project("{FAE04EC0-301F-11D3-BF4B-00C04F79EFBC}") = "Sito Erastotenesa", "Sito Erastotenesa\Sito Erastotenesa.csproj", "{B0AE0884-0A9C-4EFA-82B2-0E0EC31E3942}"
EndProject
Global
	GlobalSection(SolutionConfigurationPlatforms) = preSolution
		Debug|Any CPU = Debug|Any CPU
		Release|Any CPU = Release|Any CPU
	EndGlobalSection
	GlobalSection(ProjectConfigurationPlatforms) = postSolution
		{B0AE0884-0A9C-4EFA-82B2-0E0EC31E3942}.Debug|Any CPU.ActiveCfg = Debug|Any CPU
		{B0AE0884-0A9C-4EFA-82B2-0E0EC31E3942}.Debug|Any CPU.Build.0 = Debug|Any CPU
		{B0AE0884-0A9C-4EFA-82B2-0E0EC31E3942}.Release|Any CPU.ActiveCfg = Release|Any CPU
		{B0AE0884-0A9C-4EFA-82B2-0E0EC31E3942}.Release|Any CPU.Build.0 = Release|Any CPU
	EndGlobalSection
	GlobalSection(SolutionProperties) = preSolution
		HideSolutionNode = FALSE
	EndGlobalSection
	GlobalSection(ExtensibilityGlobals) = postSolution
		SolutionGuid = {29BE3F51-E24B-45F4-906F-3DB889CB8B2A}
	EndGlobalSection
EndGlobal
